
Microsoft Visual Studio Solution File, Format Version 12.00
# Visual Studio 2013
VisualStudioVersion = 12.0.21005.1
MinimumVisualStudioVersion = 10.0.40219.1
Project("{8BC9CEB8-8B4A-11D0-8D11-00A0C91BC942}") = "assignment2", "assignment2\assignment2.vcxproj", "{623B8C7F-6E8B-4BE4-96A8-D529374D6708}"
EndProject
Project("{6141683F-8A12-4E36-9623-2EB02B2C2303}") = "LIBPRO", "LIBPRO\LIBPRO.isproj", "{FFCC128B-C15E-4511-BE2E-FC805FE75146}"
EndProject
Global
	GlobalSection(SolutionConfigurationPlatforms) = preSolution
		CD_ROM|Win32 = CD_ROM|Win32
		Debug|Win32 = Debug|Win32
		DVD-5|Win32 = DVD-5|Win32
		Release|Win32 = Release|Win32
		SingleImage|Win32 = SingleImage|Win32
	EndGlobalSection
	GlobalSection(ProjectConfigurationPlatforms) = postSolution
		{623B8C7F-6E8B-4BE4-96A8-D529374D6708}.CD_ROM|Win32.ActiveCfg = Release|Win32
		{623B8C7F-6E8B-4BE4-96A8-D529374D6708}.CD_ROM|Win32.Build.0 = Release|Win32
		{623B8C7F-6E8B-4BE4-96A8-D529374D6708}.Debug|Win32.ActiveCfg = Debug|Win32
		{623B8C7F-6E8B-4BE4-96A8-D529374D6708}.Debug|Win32.Build.0 = Debug|Win32
		{623B8C7F-6E8B-4BE4-96A8-D529374D6708}.DVD-5|Win32.ActiveCfg = Debug|Win32
		{623B8C7F-6E8B-4BE4-96A8-D529374D6708}.DVD-5|Win32.Build.0 = Debug|Win32
		{623B8C7F-6E8B-4BE4-96A8-D529374D6708}.Release|Win32.ActiveCfg = Release|Win32
		{623B8C7F-6E8B-4BE4-96A8-D529374D6708}.Release|Win32.Build.0 = Release|Win32
		{623B8C7F-6E8B-4BE4-96A8-D529374D6708}.SingleImage|Win32.ActiveCfg = Release|Win32
		{623B8C7F-6E8B-4BE4-96A8-D529374D6708}.SingleImage|Win32.Build.0 = Release|Win32
		{FFCC128B-C15E-4511-BE2E-FC805FE75146}.CD_ROM|Win32.ActiveCfg = CD_ROM
		{FFCC128B-C15E-4511-BE2E-FC805FE75146}.CD_ROM|Win32.Build.0 = CD_ROM
		{FFCC128B-C15E-4511-BE2E-FC805FE75146}.Debug|Win32.ActiveCfg = DVD-5
		{FFCC128B-C15E-4511-BE2E-FC805FE75146}.Debug|Win32.Build.0 = DVD-5
		{FFCC128B-C15E-4511-BE2E-FC805FE75146}.DVD-5|Win32.ActiveCfg = DVD-5
		{FFCC128B-C15E-4511-BE2E-FC805FE75146}.DVD-5|Win32.Build.0 = DVD-5
		{FFCC128B-C15E-4511-BE2E-FC805FE75146}.Release|Win32.ActiveCfg = SingleImage
		{FFCC128B-C15E-4511-BE2E-FC805FE75146}.Release|Win32.Build.0 = SingleImage
		{FFCC128B-C15E-4511-BE2E-FC805FE75146}.SingleImage|Win32.ActiveCfg = SingleImage
		{FFCC128B-C15E-4511-BE2E-FC805FE75146}.SingleImage|Win32.Build.0 = SingleImage
	EndGlobalSection
	GlobalSection(SolutionProperties) = preSolution
		HideSolutionNode = FALSE
	EndGlobalSection
EndGlobal
